
Microsoft Visual Studio Solution File, Format Version 12.00
# Visual Studio 15
VisualStudioVersion = 15.0.27703.2000
MinimumVisualStudioVersion = 10.0.40219.1
Project("{8BC9CEB8-8B4A-11D0-8D11-00A0C91BC942}") = "Ut16PinPromDevices", "Ut16PinPromDevices\Ut16PinPromDevices.vcxproj", "{447F6B98-0074-4742-A710-58B27E4A124C}"
EndProject
Project("{8BC9CEB8-8B4A-11D0-8D11-00A0C91BC942}") = "Ut18PinPromDevices", "Ut18PinPromDevices\Ut18PinPromDevices.vcxproj", "{F176FD05-F00E-4F9A-A4D4-211EFAF51543}"
EndProject
Project("{8BC9CEB8-8B4A-11D0-8D11-00A0C91BC942}") = "DevicesBuilder", "DevicesBuilder\DevicesBuilder.vcxproj", "{2D695308-9B99-4B96-BB1D-ACD58F479475}"
	ProjectSection(ProjectDependencies) = postProject
		{F176FD05-F00E-4F9A-A4D4-211EFAF51543} = {F176FD05-F00E-4F9A-A4D4-211EFAF51543}
		{707CE820-9629-4DAB-A516-3BB3B6527A58} = {707CE820-9629-4DAB-A516-3BB3B6527A58}
		{EC190235-C348-47FA-8C7D-C95F62049860} = {EC190235-C348-47FA-8C7D-C95F62049860}
		{98B21648-EC68-48A2-A1C4-70D0559C2776} = {98B21648-EC68-48A2-A1C4-70D0559C2776}
		{1D31A74A-07C3-4DFC-8038-4996E3124022} = {1D31A74A-07C3-4DFC-8038-4996E3124022}
		{DE387757-DDC7-401A-9EF0-F4D8ECCC5280} = {DE387757-DDC7-401A-9EF0-F4D8ECCC5280}
		{5909455D-6FEC-4436-A90F-C9E262BDDFEC} = {5909455D-6FEC-4436-A90F-C9E262BDDFEC}
		{E6380D69-3050-424F-BCA4-6B2A5864DCC7} = {E6380D69-3050-424F-BCA4-6B2A5864DCC7}
		{A41D218C-3216-4C6D-8C52-9BCFA6F19BE5} = {A41D218C-3216-4C6D-8C52-9BCFA6F19BE5}
		{6627A494-3FF7-4D9E-AE28-1726444DCAD2} = {6627A494-3FF7-4D9E-AE28-1726444DCAD2}
		{447F6B98-0074-4742-A710-58B27E4A124C} = {447F6B98-0074-4742-A710-58B27E4A124C}
		{9EFC94C4-9FA0-40A2-82E7-EBED09FBF4BB} = {9EFC94C4-9FA0-40A2-82E7-EBED09FBF4BB}
		{99B860C7-E040-48F2-BCDF-2F2E6C012BB0} = {99B860C7-E040-48F2-BCDF-2F2E6C012BB0}
		{C5BAEAD3-16BF-4025-BD63-39839B7AFB75} = {C5BAEAD3-16BF-4025-BD63-39839B7AFB75}
	EndProjectSection
EndProject
Project("{8BC9CEB8-8B4A-11D0-8D11-00A0C91BC942}") = "Ut20PinPalDevices", "Ut20PinPalDevices\Ut20PinPalDevices.vcxproj", "{E6380D69-3050-424F-BCA4-6B2A5864DCC7}"
EndProject
Project("{8BC9CEB8-8B4A-11D0-8D11-00A0C91BC942}") = "Ut20PinPromDevices", "Ut20PinPromDevices\Ut20PinPromDevices.vcxproj", "{EC190235-C348-47FA-8C7D-C95F62049860}"
EndProject
Project("{8BC9CEB8-8B4A-11D0-8D11-00A0C91BC942}") = "Ut24PinEpromDevices", "Ut24PinEpromDevices\Ut24PinEpromDevices.vcxproj", "{9EFC94C4-9FA0-40A2-82E7-EBED09FBF4BB}"
EndProject
Project("{8BC9CEB8-8B4A-11D0-8D11-00A0C91BC942}") = "Ut24PinPalDevices", "Ut24PinPalDevices\Ut24PinPalDevices.vcxproj", "{98B21648-EC68-48A2-A1C4-70D0559C2776}"
EndProject
Project("{8BC9CEB8-8B4A-11D0-8D11-00A0C91BC942}") = "Ut24PinPromDevices", "Ut24PinPromDevices\Ut24PinPromDevices.vcxproj", "{1D31A74A-07C3-4DFC-8038-4996E3124022}"
EndProject
Project("{8BC9CEB8-8B4A-11D0-8D11-00A0C91BC942}") = "Ut24PinSramDevices", "Ut24PinSramDevices\Ut24PinSramDevices.vcxproj", "{A41D218C-3216-4C6D-8C52-9BCFA6F19BE5}"
EndProject
Project("{8BC9CEB8-8B4A-11D0-8D11-00A0C91BC942}") = "Ut28PinEpromDevices", "Ut28PinEpromDevices\Ut28PinEpromDevices.vcxproj", "{5909455D-6FEC-4436-A90F-C9E262BDDFEC}"
EndProject
Project("{8BC9CEB8-8B4A-11D0-8D11-00A0C91BC942}") = "Ut32PinEpromDevices", "Ut32PinEpromDevices\Ut32PinEpromDevices.vcxproj", "{6627A494-3FF7-4D9E-AE28-1726444DCAD2}"
EndProject
Project("{8BC9CEB8-8B4A-11D0-8D11-00A0C91BC942}") = "Ut40PinEpromDevices", "Ut40PinEpromDevices\Ut40PinEpromDevices.vcxproj", "{DE387757-DDC7-401A-9EF0-F4D8ECCC5280}"
EndProject
Project("{8BC9CEB8-8B4A-11D0-8D11-00A0C91BC942}") = "Ut40PinEpromIODevices", "Ut40PinEpromIODevices\Ut40PinEpromIODevices.vcxproj", "{C5BAEAD3-16BF-4025-BD63-39839B7AFB75}"
EndProject
Project("{8BC9CEB8-8B4A-11D0-8D11-00A0C91BC942}") = "Ut42PinEpromDevices", "Ut42PinEpromDevices\Ut42PinEpromDevices.vcxproj", "{99B860C7-E040-48F2-BCDF-2F2E6C012BB0}"
EndProject
Project("{8BC9CEB8-8B4A-11D0-8D11-00A0C91BC942}") = "Ut66PinTestDevices", "Ut66PinTestDevices\Ut66PinTestDevices.vcxproj", "{707CE820-9629-4DAB-A516-3BB3B6527A58}"
EndProject
Global
	GlobalSection(SolutionConfigurationPlatforms) = preSolution
		Debug|x64 = Debug|x64
		Debug|x86 = Debug|x86
		Release|x64 = Release|x64
		Release|x86 = Release|x86
	EndGlobalSection
	GlobalSection(ProjectConfigurationPlatforms) = postSolution
		{447F6B98-0074-4742-A710-58B27E4A124C}.Debug|x64.ActiveCfg = Debug|x64
		{447F6B98-0074-4742-A710-58B27E4A124C}.Debug|x64.Build.0 = Debug|x64
		{447F6B98-0074-4742-A710-58B27E4A124C}.Debug|x86.ActiveCfg = Debug|Win32
		{447F6B98-0074-4742-A710-58B27E4A124C}.Debug|x86.Build.0 = Debug|Win32
		{447F6B98-0074-4742-A710-58B27E4A124C}.Release|x64.ActiveCfg = Release|x64
		{447F6B98-0074-4742-A710-58B27E4A124C}.Release|x64.Build.0 = Release|x64
		{447F6B98-0074-4742-A710-58B27E4A124C}.Release|x86.ActiveCfg = Release|Win32
		{447F6B98-0074-4742-A710-58B27E4A124C}.Release|x86.Build.0 = Release|Win32
		{F176FD05-F00E-4F9A-A4D4-211EFAF51543}.Debug|x64.ActiveCfg = Debug|x64
		{F176FD05-F00E-4F9A-A4D4-211EFAF51543}.Debug|x64.Build.0 = Debug|x64
		{F176FD05-F00E-4F9A-A4D4-211EFAF51543}.Debug|x86.ActiveCfg = Debug|Win32
		{F176FD05-F00E-4F9A-A4D4-211EFAF51543}.Debug|x86.Build.0 = Debug|Win32
		{F176FD05-F00E-4F9A-A4D4-211EFAF51543}.Release|x64.ActiveCfg = Release|x64
		{F176FD05-F00E-4F9A-A4D4-211EFAF51543}.Release|x64.Build.0 = Release|x64
		{F176FD05-F00E-4F9A-A4D4-211EFAF51543}.Release|x86.ActiveCfg = Release|Win32
		{F176FD05-F00E-4F9A-A4D4-211EFAF51543}.Release|x86.Build.0 = Release|Win32
		{2D695308-9B99-4B96-BB1D-ACD58F479475}.Debug|x64.ActiveCfg = Debug|x64
		{2D695308-9B99-4B96-BB1D-ACD58F479475}.Debug|x64.Build.0 = Debug|x64
		{2D695308-9B99-4B96-BB1D-ACD58F479475}.Debug|x86.ActiveCfg = Debug|Win32
		{2D695308-9B99-4B96-BB1D-ACD58F479475}.Debug|x86.Build.0 = Debug|Win32
		{2D695308-9B99-4B96-BB1D-ACD58F479475}.Release|x64.ActiveCfg = Release|x64
		{2D695308-9B99-4B96-BB1D-ACD58F479475}.Release|x64.Build.0 = Release|x64
		{2D695308-9B99-4B96-BB1D-ACD58F479475}.Release|x86.ActiveCfg = Release|Win32
		{2D695308-9B99-4B96-BB1D-ACD58F479475}.Release|x86.Build.0 = Release|Win32
		{E6380D69-3050-424F-BCA4-6B2A5864DCC7}.Debug|x64.ActiveCfg = Debug|x64
		{E6380D69-3050-424F-BCA4-6B2A5864DCC7}.Debug|x64.Build.0 = Debug|x64
		{E6380D69-3050-424F-BCA4-6B2A5864DCC7}.Debug|x86.ActiveCfg = Debug|Win32
		{E6380D69-3050-424F-BCA4-6B2A5864DCC7}.Debug|x86.Build.0 = Debug|Win32
		{E6380D69-3050-424F-BCA4-6B2A5864DCC7}.Release|x64.ActiveCfg = Release|x64
		{E6380D69-3050-424F-BCA4-6B2A5864DCC7}.Release|x64.Build.0 = Release|x64
		{E6380D69-3050-424F-BCA4-6B2A5864DCC7}.Release|x86.ActiveCfg = Release|Win32
		{E6380D69-3050-424F-BCA4-6B2A5864DCC7}.Release|x86.Build.0 = Release|Win32
		{EC190235-C348-47FA-8C7D-C95F62049860}.Debug|x64.ActiveCfg = Debug|x64
		{EC190235-C348-47FA-8C7D-C95F62049860}.Debug|x64.Build.0 = Debug|x64
		{EC190235-C348-47FA-8C7D-C95F62049860}.Debug|x86.ActiveCfg = Debug|Win32
		{EC190235-C348-47FA-8C7D-C95F62049860}.Debug|x86.Build.0 = Debug|Win32
		{EC190235-C348-47FA-8C7D-C95F62049860}.Release|x64.ActiveCfg = Release|x64
		{EC190235-C348-47FA-8C7D-C95F62049860}.Release|x64.Build.0 = Release|x64
		{EC190235-C348-47FA-8C7D-C95F62049860}.Release|x86.ActiveCfg = Release|Win32
		{EC190235-C348-47FA-8C7D-C95F62049860}.Release|x86.Build.0 = Release|Win32
		{9EFC94C4-9FA0-40A2-82E7-EBED09FBF4BB}.Debug|x64.ActiveCfg = Debug|x64
		{9EFC94C4-9FA0-40A2-82E7-EBED09FBF4BB}.Debug|x64.Build.0 = Debug|x64
		{9EFC94C4-9FA0-40A2-82E7-EBED09FBF4BB}.Debug|x86.ActiveCfg = Debug|Win32
		{9EFC94C4-9FA0-40A2-82E7-EBED09FBF4BB}.Debug|x86.Build.0 = Debug|Win32
		{9EFC94C4-9FA0-40A2-82E7-EBED09FBF4BB}.Release|x64.ActiveCfg = Release|x64
		{9EFC94C4-9FA0-40A2-82E7-EBED09FBF4BB}.Release|x64.Build.0 = Release|x64
		{9EFC94C4-9FA0-40A2-82E7-EBED09FBF4BB}.Release|x86.ActiveCfg = Release|Win32
		{9EFC94C4-9FA0-40A2-82E7-EBED09FBF4BB}.Release|x86.Build.0 = Release|Win32
		{98B21648-EC68-48A2-A1C4-70D0559C2776}.Debug|x64.ActiveCfg = Debug|x64
		{98B21648-EC68-48A2-A1C4-70D0559C2776}.Debug|x64.Build.0 = Debug|x64
		{98B21648-EC68-48A2-A1C4-70D0559C2776}.Debug|x86.ActiveCfg = Debug|Win32
		{98B21648-EC68-48A2-A1C4-70D0559C2776}.Debug|x86.Build.0 = Debug|Win32
		{98B21648-EC68-48A2-A1C4-70D0559C2776}.Release|x64.ActiveCfg = Release|x64
		{98B21648-EC68-48A2-A1C4-70D0559C2776}.Release|x64.Build.0 = Release|x64
		{98B21648-EC68-48A2-A1C4-70D0559C2776}.Release|x86.ActiveCfg = Release|Win32
		{98B21648-EC68-48A2-A1C4-70D0559C2776}.Release|x86.Build.0 = Release|Win32
		{1D31A74A-07C3-4DFC-8038-4996E3124022}.Debug|x64.ActiveCfg = Debug|x64
		{1D31A74A-07C3-4DFC-8038-4996E3124022}.Debug|x64.Build.0 = Debug|x64
		{1D31A74A-07C3-4DFC-8038-4996E3124022}.Debug|x86.ActiveCfg = Debug|Win32
		{1D31A74A-07C3-4DFC-8038-4996E3124022}.Debug|x86.Build.0 = Debug|Win32
		{1D31A74A-07C3-4DFC-8038-4996E3124022}.Release|x64.ActiveCfg = Release|x64
		{1D31A74A-07C3-4DFC-8038-4996E3124022}.Release|x64.Build.0 = Release|x64
		{1D31A74A-07C3-4DFC-8038-4996E3124022}.Release|x86.ActiveCfg = Release|Win32
		{1D31A74A-07C3-4DFC-8038-4996E3124022}.Release|x86.Build.0 = Release|Win32
		{A41D218C-3216-4C6D-8C52-9BCFA6F19BE5}.Debug|x64.ActiveCfg = Debug|x64
		{A41D218C-3216-4C6D-8C52-9BCFA6F19BE5}.Debug|x64.Build.0 = Debug|x64
		{A41D218C-3216-4C6D-8C52-9BCFA6F19BE5}.Debug|x86.ActiveCfg = Debug|Win32
		{A41D218C-3216-4C6D-8C52-9BCFA6F19BE5}.Debug|x86.Build.0 = Debug|Win32
		{A41D218C-3216-4C6D-8C52-9BCFA6F19BE5}.Release|x64.ActiveCfg = Release|x64
		{A41D218C-3216-4C6D-8C52-9BCFA6F19BE5}.Release|x64.Build.0 = Release|x64
		{A41D218C-3216-4C6D-8C52-9BCFA6F19BE5}.Release|x86.ActiveCfg = Release|Win32
		{A41D218C-3216-4C6D-8C52-9BCFA6F19BE5}.Release|x86.Build.0 = Release|Win32
		{5909455D-6FEC-4436-A90F-C9E262BDDFEC}.Debug|x64.ActiveCfg = Debug|x64
		{5909455D-6FEC-4436-A90F-C9E262BDDFEC}.Debug|x64.Build.0 = Debug|x64
		{5909455D-6FEC-4436-A90F-C9E262BDDFEC}.Debug|x86.ActiveCfg = Debug|Win32
		{5909455D-6FEC-4436-A90F-C9E262BDDFEC}.Debug|x86.Build.0 = Debug|Win32
		{5909455D-6FEC-4436-A90F-C9E262BDDFEC}.Release|x64.ActiveCfg = Release|x64
		{5909455D-6FEC-4436-A90F-C9E262BDDFEC}.Release|x64.Build.0 = Release|x64
		{5909455D-6FEC-4436-A90F-C9E262BDDFEC}.Release|x86.ActiveCfg = Release|Win32
		{5909455D-6FEC-4436-A90F-C9E262BDDFEC}.Release|x86.Build.0 = Release|Win32
		{6627A494-3FF7-4D9E-AE28-1726444DCAD2}.Debug|x64.ActiveCfg = Debug|x64
		{6627A494-3FF7-4D9E-AE28-1726444DCAD2}.Debug|x64.Build.0 = Debug|x64
		{6627A494-3FF7-4D9E-AE28-1726444DCAD2}.Debug|x86.ActiveCfg = Debug|Win32
		{6627A494-3FF7-4D9E-AE28-1726444DCAD2}.Debug|x86.Build.0 = Debug|Win32
		{6627A494-3FF7-4D9E-AE28-1726444DCAD2}.Release|x64.ActiveCfg = Release|x64
		{6627A494-3FF7-4D9E-AE28-1726444DCAD2}.Release|x64.Build.0 = Release|x64
		{6627A494-3FF7-4D9E-AE28-1726444DCAD2}.Release|x86.ActiveCfg = Release|Win32
		{6627A494-3FF7-4D9E-AE28-1726444DCAD2}.Release|x86.Build.0 = Release|Win32
		{DE387757-DDC7-401A-9EF0-F4D8ECCC5280}.Debug|x64.ActiveCfg = Debug|x64
		{DE387757-DDC7-401A-9EF0-F4D8ECCC5280}.Debug|x64.Build.0 = Debug|x64
		{DE387757-DDC7-401A-9EF0-F4D8ECCC5280}.Debug|x86.ActiveCfg = Debug|Win32
		{DE387757-DDC7-401A-9EF0-F4D8ECCC5280}.Debug|x86.Build.0 = Debug|Win32
		{DE387757-DDC7-401A-9EF0-F4D8ECCC5280}.Release|x64.ActiveCfg = Release|x64
		{DE387757-DDC7-401A-9EF0-F4D8ECCC5280}.Release|x64.Build.0 = Release|x64
		{DE387757-DDC7-401A-9EF0-F4D8ECCC5280}.Release|x86.ActiveCfg = Release|Win32
		{DE387757-DDC7-401A-9EF0-F4D8ECCC5280}.Release|x86.Build.0 = Release|Win32
		{C5BAEAD3-16BF-4025-BD63-39839B7AFB75}.Debug|x64.ActiveCfg = Debug|x64
		{C5BAEAD3-16BF-4025-BD63-39839B7AFB75}.Debug|x64.Build.0 = Debug|x64
		{C5BAEAD3-16BF-4025-BD63-39839B7AFB75}.Debug|x86.ActiveCfg = Debug|Win32
		{C5BAEAD3-16BF-4025-BD63-39839B7AFB75}.Debug|x86.Build.0 = Debug|Win32
		{C5BAEAD3-16BF-4025-BD63-39839B7AFB75}.Release|x64.ActiveCfg = Release|x64
		{C5BAEAD3-16BF-4025-BD63-39839B7AFB75}.Release|x64.Build.0 = Release|x64
		{C5BAEAD3-16BF-4025-BD63-39839B7AFB75}.Release|x86.ActiveCfg = Release|Win32
		{C5BAEAD3-16BF-4025-BD63-39839B7AFB75}.Release|x86.Build.0 = Release|Win32
		{99B860C7-E040-48F2-BCDF-2F2E6C012BB0}.Debug|x64.ActiveCfg = Debug|x64
		{99B860C7-E040-48F2-BCDF-2F2E6C012BB0}.Debug|x64.Build.0 = Debug|x64
		{99B860C7-E040-48F2-BCDF-2F2E6C012BB0}.Debug|x86.ActiveCfg = Debug|Win32
		{99B860C7-E040-48F2-BCDF-2F2E6C012BB0}.Debug|x86.Build.0 = Debug|Win32
		{99B860C7-E040-48F2-BCDF-2F2E6C012BB0}.Release|x64.ActiveCfg = Release|x64
		{99B860C7-E040-48F2-BCDF-2F2E6C012BB0}.Release|x64.Build.0 = Release|x64
		{99B860C7-E040-48F2-BCDF-2F2E6C012BB0}.Release|x86.ActiveCfg = Release|Win32
		{99B860C7-E040-48F2-BCDF-2F2E6C012BB0}.Release|x86.Build.0 = Release|Win32
		{707CE820-9629-4DAB-A516-3BB3B6527A58}.Debug|x64.ActiveCfg = Debug|x64
		{707CE820-9629-4DAB-A516-3BB3B6527A58}.Debug|x64.Build.0 = Debug|x64
		{707CE820-9629-4DAB-A516-3BB3B6527A58}.Debug|x86.ActiveCfg = Debug|Win32
		{707CE820-9629-4DAB-A516-3BB3B6527A58}.Debug|x86.Build.0 = Debug|Win32
		{707CE820-9629-4DAB-A516-3BB3B6527A58}.Release|x64.ActiveCfg = Release|x64
		{707CE820-9629-4DAB-A516-3BB3B6527A58}.Release|x64.Build.0 = Release|x64
		{707CE820-9629-4DAB-A516-3BB3B6527A58}.Release|x86.ActiveCfg = Release|Win32
		{707CE820-9629-4DAB-A516-3BB3B6527A58}.Release|x86.Build.0 = Release|Win32
	EndGlobalSection
	GlobalSection(SolutionProperties) = preSolution
		HideSolutionNode = FALSE
	EndGlobalSection
	GlobalSection(ExtensibilityGlobals) = postSolution
		SolutionGuid = {1C57BA05-13A9-45D2-B224-A7E51F02C6AE}
	EndGlobalSection
EndGlobal
