
Microsoft Visual Studio Solution File, Format Version 12.00
# Visual Studio 15
VisualStudioVersion = 15.0.27703.2000
MinimumVisualStudioVersion = 10.0.40219.1
Project("{8BC9CEB8-8B4A-11D0-8D11-00A0C91BC942}") = "UiUtilNet", "UiUtilNet\UiUtilNet.vcxproj", "{DE3DAD27-AF25-49B9-B15E-2B5139CEAF4A}"
EndProject
Project("{8BC9CEB8-8B4A-11D0-8D11-00A0C91BC942}") = "UiCtrlsNet", "UiCtrlsNet\UiCtrlsNet.vcxproj", "{BDC20A41-A3CE-4C46-B0A3-AC0800189CE7}"
EndProject
Project("{8BC9CEB8-8B4A-11D0-8D11-00A0C91BC942}") = "UtilNet", "UtilNet\UtilNet.vcxproj", "{46B43CA4-8772-4206-AC2F-00C86CCE9034}"
	ProjectSection(ProjectDependencies) = postProject
		{3A04B3C2-8494-463B-862A-EA7B0A971E48} = {3A04B3C2-8494-463B-862A-EA7B0A971E48}
	EndProjectSection
EndProject
Project("{8BC9CEB8-8B4A-11D0-8D11-00A0C91BC942}") = "ConsoleHelper", "ConsoleHelper\ConsoleHelper.vcxproj", "{3A04B3C2-8494-463B-862A-EA7B0A971E48}"
EndProject
Project("{8BC9CEB8-8B4A-11D0-8D11-00A0C91BC942}") = "ZipNet", "ZipNet\ZipNet.vcxproj", "{12470EE7-F193-4B1F-924D-6EE66AAD92AF}"
	ProjectSection(ProjectDependencies) = postProject
		{46B43CA4-8772-4206-AC2F-00C86CCE9034} = {46B43CA4-8772-4206-AC2F-00C86CCE9034}
	EndProjectSection
EndProject
Project("{8BC9CEB8-8B4A-11D0-8D11-00A0C91BC942}") = "UtilsNetBuilder", "UtilsNetBuilder\UtilsNetBuilder.vcxproj", "{F6B367F4-DB9A-4CF9-93DF-C42323461D80}"
	ProjectSection(ProjectDependencies) = postProject
		{C862EA09-CA40-4C1B-ABB8-E9C0F5154628} = {C862EA09-CA40-4C1B-ABB8-E9C0F5154628}
		{DE3DAD27-AF25-49B9-B15E-2B5139CEAF4A} = {DE3DAD27-AF25-49B9-B15E-2B5139CEAF4A}
		{BDC20A41-A3CE-4C46-B0A3-AC0800189CE7} = {BDC20A41-A3CE-4C46-B0A3-AC0800189CE7}
		{46B43CA4-8772-4206-AC2F-00C86CCE9034} = {46B43CA4-8772-4206-AC2F-00C86CCE9034}
		{3A04B3C2-8494-463B-862A-EA7B0A971E48} = {3A04B3C2-8494-463B-862A-EA7B0A971E48}
		{12470EE7-F193-4B1F-924D-6EE66AAD92AF} = {12470EE7-F193-4B1F-924D-6EE66AAD92AF}
	EndProjectSection
EndProject
Project("{8BC9CEB8-8B4A-11D0-8D11-00A0C91BC942}") = "RebaserNet", "RebaserNet\RebaserNet.vcxproj", "{C862EA09-CA40-4C1B-ABB8-E9C0F5154628}"
EndProject
Global
	GlobalSection(SolutionConfigurationPlatforms) = preSolution
		Debug|x64 = Debug|x64
		Debug|x86 = Debug|x86
		Release|x64 = Release|x64
		Release|x86 = Release|x86
	EndGlobalSection
	GlobalSection(ProjectConfigurationPlatforms) = postSolution
		{DE3DAD27-AF25-49B9-B15E-2B5139CEAF4A}.Debug|x64.ActiveCfg = Debug|x64
		{DE3DAD27-AF25-49B9-B15E-2B5139CEAF4A}.Debug|x64.Build.0 = Debug|x64
		{DE3DAD27-AF25-49B9-B15E-2B5139CEAF4A}.Debug|x86.ActiveCfg = Debug|Win32
		{DE3DAD27-AF25-49B9-B15E-2B5139CEAF4A}.Debug|x86.Build.0 = Debug|Win32
		{DE3DAD27-AF25-49B9-B15E-2B5139CEAF4A}.Release|x64.ActiveCfg = Release|x64
		{DE3DAD27-AF25-49B9-B15E-2B5139CEAF4A}.Release|x64.Build.0 = Release|x64
		{DE3DAD27-AF25-49B9-B15E-2B5139CEAF4A}.Release|x86.ActiveCfg = Release|Win32
		{DE3DAD27-AF25-49B9-B15E-2B5139CEAF4A}.Release|x86.Build.0 = Release|Win32
		{BDC20A41-A3CE-4C46-B0A3-AC0800189CE7}.Debug|x64.ActiveCfg = Debug|x64
		{BDC20A41-A3CE-4C46-B0A3-AC0800189CE7}.Debug|x64.Build.0 = Debug|x64
		{BDC20A41-A3CE-4C46-B0A3-AC0800189CE7}.Debug|x86.ActiveCfg = Debug|Win32
		{BDC20A41-A3CE-4C46-B0A3-AC0800189CE7}.Debug|x86.Build.0 = Debug|Win32
		{BDC20A41-A3CE-4C46-B0A3-AC0800189CE7}.Release|x64.ActiveCfg = Release|x64
		{BDC20A41-A3CE-4C46-B0A3-AC0800189CE7}.Release|x64.Build.0 = Release|x64
		{BDC20A41-A3CE-4C46-B0A3-AC0800189CE7}.Release|x86.ActiveCfg = Release|Win32
		{BDC20A41-A3CE-4C46-B0A3-AC0800189CE7}.Release|x86.Build.0 = Release|Win32
		{46B43CA4-8772-4206-AC2F-00C86CCE9034}.Debug|x64.ActiveCfg = Debug|x64
		{46B43CA4-8772-4206-AC2F-00C86CCE9034}.Debug|x64.Build.0 = Debug|x64
		{46B43CA4-8772-4206-AC2F-00C86CCE9034}.Debug|x86.ActiveCfg = Debug|Win32
		{46B43CA4-8772-4206-AC2F-00C86CCE9034}.Debug|x86.Build.0 = Debug|Win32
		{46B43CA4-8772-4206-AC2F-00C86CCE9034}.Release|x64.ActiveCfg = Release|x64
		{46B43CA4-8772-4206-AC2F-00C86CCE9034}.Release|x64.Build.0 = Release|x64
		{46B43CA4-8772-4206-AC2F-00C86CCE9034}.Release|x86.ActiveCfg = Release|Win32
		{46B43CA4-8772-4206-AC2F-00C86CCE9034}.Release|x86.Build.0 = Release|Win32
		{3A04B3C2-8494-463B-862A-EA7B0A971E48}.Debug|x64.ActiveCfg = Debug|x64
		{3A04B3C2-8494-463B-862A-EA7B0A971E48}.Debug|x64.Build.0 = Debug|x64
		{3A04B3C2-8494-463B-862A-EA7B0A971E48}.Debug|x86.ActiveCfg = Debug|Win32
		{3A04B3C2-8494-463B-862A-EA7B0A971E48}.Debug|x86.Build.0 = Debug|Win32
		{3A04B3C2-8494-463B-862A-EA7B0A971E48}.Release|x64.ActiveCfg = Release|x64
		{3A04B3C2-8494-463B-862A-EA7B0A971E48}.Release|x64.Build.0 = Release|x64
		{3A04B3C2-8494-463B-862A-EA7B0A971E48}.Release|x86.ActiveCfg = Release|Win32
		{3A04B3C2-8494-463B-862A-EA7B0A971E48}.Release|x86.Build.0 = Release|Win32
		{12470EE7-F193-4B1F-924D-6EE66AAD92AF}.Debug|x64.ActiveCfg = Debug|x64
		{12470EE7-F193-4B1F-924D-6EE66AAD92AF}.Debug|x64.Build.0 = Debug|x64
		{12470EE7-F193-4B1F-924D-6EE66AAD92AF}.Debug|x86.ActiveCfg = Debug|Win32
		{12470EE7-F193-4B1F-924D-6EE66AAD92AF}.Debug|x86.Build.0 = Debug|Win32
		{12470EE7-F193-4B1F-924D-6EE66AAD92AF}.Release|x64.ActiveCfg = Release|x64
		{12470EE7-F193-4B1F-924D-6EE66AAD92AF}.Release|x64.Build.0 = Release|x64
		{12470EE7-F193-4B1F-924D-6EE66AAD92AF}.Release|x86.ActiveCfg = Release|Win32
		{12470EE7-F193-4B1F-924D-6EE66AAD92AF}.Release|x86.Build.0 = Release|Win32
		{F6B367F4-DB9A-4CF9-93DF-C42323461D80}.Debug|x64.ActiveCfg = Debug|x64
		{F6B367F4-DB9A-4CF9-93DF-C42323461D80}.Debug|x64.Build.0 = Debug|x64
		{F6B367F4-DB9A-4CF9-93DF-C42323461D80}.Debug|x86.ActiveCfg = Debug|Win32
		{F6B367F4-DB9A-4CF9-93DF-C42323461D80}.Debug|x86.Build.0 = Debug|Win32
		{F6B367F4-DB9A-4CF9-93DF-C42323461D80}.Release|x64.ActiveCfg = Release|x64
		{F6B367F4-DB9A-4CF9-93DF-C42323461D80}.Release|x64.Build.0 = Release|x64
		{F6B367F4-DB9A-4CF9-93DF-C42323461D80}.Release|x86.ActiveCfg = Release|Win32
		{F6B367F4-DB9A-4CF9-93DF-C42323461D80}.Release|x86.Build.0 = Release|Win32
		{C862EA09-CA40-4C1B-ABB8-E9C0F5154628}.Debug|x64.ActiveCfg = Debug|x64
		{C862EA09-CA40-4C1B-ABB8-E9C0F5154628}.Debug|x64.Build.0 = Debug|x64
		{C862EA09-CA40-4C1B-ABB8-E9C0F5154628}.Debug|x86.ActiveCfg = Debug|Win32
		{C862EA09-CA40-4C1B-ABB8-E9C0F5154628}.Debug|x86.Build.0 = Debug|Win32
		{C862EA09-CA40-4C1B-ABB8-E9C0F5154628}.Release|x64.ActiveCfg = Release|x64
		{C862EA09-CA40-4C1B-ABB8-E9C0F5154628}.Release|x64.Build.0 = Release|x64
		{C862EA09-CA40-4C1B-ABB8-E9C0F5154628}.Release|x86.ActiveCfg = Release|Win32
		{C862EA09-CA40-4C1B-ABB8-E9C0F5154628}.Release|x86.Build.0 = Release|Win32
	EndGlobalSection
	GlobalSection(SolutionProperties) = preSolution
		HideSolutionNode = FALSE
	EndGlobalSection
	GlobalSection(ExtensibilityGlobals) = postSolution
		SolutionGuid = {97D54C0B-3326-452B-90F0-11F229E0B44F}
	EndGlobalSection
EndGlobal
