
Microsoft Visual Studio Solution File, Format Version 12.00
# Visual Studio Version 17
VisualStudioVersion = 17.12.35707.178 d17.12
MinimumVisualStudioVersion = 10.0.40219.1
Project("{8BC9CEB8-8B4A-11D0-8D11-00A0C91BC942}") = "UtPep", "UtPep\UtPep.vcxproj", "{1F272423-3A8F-49C5-8E7F-5093B6EAD6F4}"
EndProject
Project("{8BC9CEB8-8B4A-11D0-8D11-00A0C91BC942}") = "UtilsPepBuilder", "UtilsPepBuilder\UtilsPepBuilder.vcxproj", "{6A4C1979-2532-41B5-9943-B687E90D977A}"
	ProjectSection(ProjectDependencies) = postProject
		{1F272423-3A8F-49C5-8E7F-5093B6EAD6F4} = {1F272423-3A8F-49C5-8E7F-5093B6EAD6F4}
		{1F72AA5B-24B6-4519-9126-CAF5C4D76BED} = {1F72AA5B-24B6-4519-9126-CAF5C4D76BED}
		{FB739E5D-6AB5-4BA1-B577-396EA2F92928} = {FB739E5D-6AB5-4BA1-B577-396EA2F92928}
		{673F6AAF-032A-45D5-82E5-058786163B96} = {673F6AAF-032A-45D5-82E5-058786163B96}
	EndProjectSection
EndProject
Project("{8BC9CEB8-8B4A-11D0-8D11-00A0C91BC942}") = "UtPepDriver", "UtPepDriver\UtPepDriver.vcxproj", "{FB739E5D-6AB5-4BA1-B577-396EA2F92928}"
EndProject
Project("{8BC9CEB8-8B4A-11D0-8D11-00A0C91BC942}") = "UiPepCtrls", "UiPepCtrls\UiPepCtrls.vcxproj", "{1F72AA5B-24B6-4519-9126-CAF5C4D76BED}"
EndProject
Project("{8BC9CEB8-8B4A-11D0-8D11-00A0C91BC942}") = "UtPepAnalyze", "UtPepAnalyze\UtPepAnalyze.vcxproj", "{673F6AAF-032A-45D5-82E5-058786163B96}"
EndProject
Global
	GlobalSection(SolutionConfigurationPlatforms) = preSolution
		Debug|ARM = Debug|ARM
		Debug|ARM64 = Debug|ARM64
		Debug|Win32 = Debug|Win32
		Debug|x64 = Debug|x64
		Debug|x86 = Debug|x86
		Release|ARM = Release|ARM
		Release|ARM64 = Release|ARM64
		Release|Win32 = Release|Win32
		Release|x64 = Release|x64
		Release|x86 = Release|x86
	EndGlobalSection
	GlobalSection(ProjectConfigurationPlatforms) = postSolution
		{1F272423-3A8F-49C5-8E7F-5093B6EAD6F4}.Debug|ARM.ActiveCfg = Debug|Win32
		{1F272423-3A8F-49C5-8E7F-5093B6EAD6F4}.Debug|ARM64.ActiveCfg = Debug|Win32
		{1F272423-3A8F-49C5-8E7F-5093B6EAD6F4}.Debug|Win32.ActiveCfg = Debug|Win32
		{1F272423-3A8F-49C5-8E7F-5093B6EAD6F4}.Debug|Win32.Build.0 = Debug|Win32
		{1F272423-3A8F-49C5-8E7F-5093B6EAD6F4}.Debug|x64.ActiveCfg = Debug|x64
		{1F272423-3A8F-49C5-8E7F-5093B6EAD6F4}.Debug|x64.Build.0 = Debug|x64
		{1F272423-3A8F-49C5-8E7F-5093B6EAD6F4}.Debug|x86.ActiveCfg = Debug|Win32
		{1F272423-3A8F-49C5-8E7F-5093B6EAD6F4}.Debug|x86.Build.0 = Debug|Win32
		{1F272423-3A8F-49C5-8E7F-5093B6EAD6F4}.Release|ARM.ActiveCfg = Release|Win32
		{1F272423-3A8F-49C5-8E7F-5093B6EAD6F4}.Release|ARM64.ActiveCfg = Release|Win32
		{1F272423-3A8F-49C5-8E7F-5093B6EAD6F4}.Release|Win32.ActiveCfg = Release|Win32
		{1F272423-3A8F-49C5-8E7F-5093B6EAD6F4}.Release|Win32.Build.0 = Release|Win32
		{1F272423-3A8F-49C5-8E7F-5093B6EAD6F4}.Release|x64.ActiveCfg = Release|x64
		{1F272423-3A8F-49C5-8E7F-5093B6EAD6F4}.Release|x64.Build.0 = Release|x64
		{1F272423-3A8F-49C5-8E7F-5093B6EAD6F4}.Release|x86.ActiveCfg = Release|Win32
		{1F272423-3A8F-49C5-8E7F-5093B6EAD6F4}.Release|x86.Build.0 = Release|Win32
		{6A4C1979-2532-41B5-9943-B687E90D977A}.Debug|ARM.ActiveCfg = Debug|x64
		{6A4C1979-2532-41B5-9943-B687E90D977A}.Debug|ARM64.ActiveCfg = Debug|x64
		{6A4C1979-2532-41B5-9943-B687E90D977A}.Debug|Win32.ActiveCfg = Debug|Win32
		{6A4C1979-2532-41B5-9943-B687E90D977A}.Debug|Win32.Build.0 = Debug|Win32
		{6A4C1979-2532-41B5-9943-B687E90D977A}.Debug|x64.ActiveCfg = Debug|x64
		{6A4C1979-2532-41B5-9943-B687E90D977A}.Debug|x64.Build.0 = Debug|x64
		{6A4C1979-2532-41B5-9943-B687E90D977A}.Debug|x86.ActiveCfg = Debug|Win32
		{6A4C1979-2532-41B5-9943-B687E90D977A}.Debug|x86.Build.0 = Debug|Win32
		{6A4C1979-2532-41B5-9943-B687E90D977A}.Release|ARM.ActiveCfg = Release|x64
		{6A4C1979-2532-41B5-9943-B687E90D977A}.Release|ARM64.ActiveCfg = Release|x64
		{6A4C1979-2532-41B5-9943-B687E90D977A}.Release|Win32.ActiveCfg = Release|Win32
		{6A4C1979-2532-41B5-9943-B687E90D977A}.Release|Win32.Build.0 = Release|Win32
		{6A4C1979-2532-41B5-9943-B687E90D977A}.Release|x64.ActiveCfg = Release|x64
		{6A4C1979-2532-41B5-9943-B687E90D977A}.Release|x64.Build.0 = Release|x64
		{6A4C1979-2532-41B5-9943-B687E90D977A}.Release|x86.ActiveCfg = Release|Win32
		{6A4C1979-2532-41B5-9943-B687E90D977A}.Release|x86.Build.0 = Release|Win32
		{FB739E5D-6AB5-4BA1-B577-396EA2F92928}.Debug|ARM.ActiveCfg = Debug|ARM
		{FB739E5D-6AB5-4BA1-B577-396EA2F92928}.Debug|ARM.Build.0 = Debug|ARM
		{FB739E5D-6AB5-4BA1-B577-396EA2F92928}.Debug|ARM.Deploy.0 = Debug|ARM
		{FB739E5D-6AB5-4BA1-B577-396EA2F92928}.Debug|ARM64.ActiveCfg = Debug|ARM64
		{FB739E5D-6AB5-4BA1-B577-396EA2F92928}.Debug|ARM64.Build.0 = Debug|ARM64
		{FB739E5D-6AB5-4BA1-B577-396EA2F92928}.Debug|ARM64.Deploy.0 = Debug|ARM64
		{FB739E5D-6AB5-4BA1-B577-396EA2F92928}.Debug|Win32.ActiveCfg = Debug|Win32
		{FB739E5D-6AB5-4BA1-B577-396EA2F92928}.Debug|x64.ActiveCfg = Debug|x64
		{FB739E5D-6AB5-4BA1-B577-396EA2F92928}.Debug|x64.Build.0 = Debug|x64
		{FB739E5D-6AB5-4BA1-B577-396EA2F92928}.Debug|x86.ActiveCfg = Debug|Win32
		{FB739E5D-6AB5-4BA1-B577-396EA2F92928}.Release|ARM.ActiveCfg = Release|ARM
		{FB739E5D-6AB5-4BA1-B577-396EA2F92928}.Release|ARM.Build.0 = Release|ARM
		{FB739E5D-6AB5-4BA1-B577-396EA2F92928}.Release|ARM.Deploy.0 = Release|ARM
		{FB739E5D-6AB5-4BA1-B577-396EA2F92928}.Release|ARM64.ActiveCfg = Release|ARM64
		{FB739E5D-6AB5-4BA1-B577-396EA2F92928}.Release|ARM64.Build.0 = Release|ARM64
		{FB739E5D-6AB5-4BA1-B577-396EA2F92928}.Release|ARM64.Deploy.0 = Release|ARM64
		{FB739E5D-6AB5-4BA1-B577-396EA2F92928}.Release|Win32.ActiveCfg = Release|Win32
		{FB739E5D-6AB5-4BA1-B577-396EA2F92928}.Release|x64.ActiveCfg = Release|x64
		{FB739E5D-6AB5-4BA1-B577-396EA2F92928}.Release|x64.Build.0 = Release|x64
		{FB739E5D-6AB5-4BA1-B577-396EA2F92928}.Release|x86.ActiveCfg = Release|Win32
		{1F72AA5B-24B6-4519-9126-CAF5C4D76BED}.Debug|ARM.ActiveCfg = Debug|Win32
		{1F72AA5B-24B6-4519-9126-CAF5C4D76BED}.Debug|ARM64.ActiveCfg = Debug|Win32
		{1F72AA5B-24B6-4519-9126-CAF5C4D76BED}.Debug|Win32.ActiveCfg = Debug|Win32
		{1F72AA5B-24B6-4519-9126-CAF5C4D76BED}.Debug|Win32.Build.0 = Debug|Win32
		{1F72AA5B-24B6-4519-9126-CAF5C4D76BED}.Debug|x64.ActiveCfg = Debug|x64
		{1F72AA5B-24B6-4519-9126-CAF5C4D76BED}.Debug|x64.Build.0 = Debug|x64
		{1F72AA5B-24B6-4519-9126-CAF5C4D76BED}.Debug|x86.ActiveCfg = Debug|Win32
		{1F72AA5B-24B6-4519-9126-CAF5C4D76BED}.Debug|x86.Build.0 = Debug|Win32
		{1F72AA5B-24B6-4519-9126-CAF5C4D76BED}.Release|ARM.ActiveCfg = Release|Win32
		{1F72AA5B-24B6-4519-9126-CAF5C4D76BED}.Release|ARM64.ActiveCfg = Release|Win32
		{1F72AA5B-24B6-4519-9126-CAF5C4D76BED}.Release|Win32.ActiveCfg = Release|Win32
		{1F72AA5B-24B6-4519-9126-CAF5C4D76BED}.Release|Win32.Build.0 = Release|Win32
		{1F72AA5B-24B6-4519-9126-CAF5C4D76BED}.Release|x64.ActiveCfg = Release|x64
		{1F72AA5B-24B6-4519-9126-CAF5C4D76BED}.Release|x64.Build.0 = Release|x64
		{1F72AA5B-24B6-4519-9126-CAF5C4D76BED}.Release|x86.ActiveCfg = Release|Win32
		{1F72AA5B-24B6-4519-9126-CAF5C4D76BED}.Release|x86.Build.0 = Release|Win32
		{673F6AAF-032A-45D5-82E5-058786163B96}.Debug|ARM.ActiveCfg = Debug|Win32
		{673F6AAF-032A-45D5-82E5-058786163B96}.Debug|ARM64.ActiveCfg = Debug|Win32
		{673F6AAF-032A-45D5-82E5-058786163B96}.Debug|Win32.ActiveCfg = Debug|Win32
		{673F6AAF-032A-45D5-82E5-058786163B96}.Debug|Win32.Build.0 = Debug|Win32
		{673F6AAF-032A-45D5-82E5-058786163B96}.Debug|x64.ActiveCfg = Debug|x64
		{673F6AAF-032A-45D5-82E5-058786163B96}.Debug|x64.Build.0 = Debug|x64
		{673F6AAF-032A-45D5-82E5-058786163B96}.Debug|x86.ActiveCfg = Debug|Win32
		{673F6AAF-032A-45D5-82E5-058786163B96}.Debug|x86.Build.0 = Debug|Win32
		{673F6AAF-032A-45D5-82E5-058786163B96}.Release|ARM.ActiveCfg = Release|Win32
		{673F6AAF-032A-45D5-82E5-058786163B96}.Release|ARM64.ActiveCfg = Release|Win32
		{673F6AAF-032A-45D5-82E5-058786163B96}.Release|Win32.ActiveCfg = Release|Win32
		{673F6AAF-032A-45D5-82E5-058786163B96}.Release|Win32.Build.0 = Release|Win32
		{673F6AAF-032A-45D5-82E5-058786163B96}.Release|x64.ActiveCfg = Release|x64
		{673F6AAF-032A-45D5-82E5-058786163B96}.Release|x64.Build.0 = Release|x64
		{673F6AAF-032A-45D5-82E5-058786163B96}.Release|x86.ActiveCfg = Release|Win32
		{673F6AAF-032A-45D5-82E5-058786163B96}.Release|x86.Build.0 = Release|Win32
	EndGlobalSection
	GlobalSection(SolutionProperties) = preSolution
		HideSolutionNode = FALSE
	EndGlobalSection
	GlobalSection(ExtensibilityGlobals) = postSolution
		SolutionGuid = {E717C42D-53D2-4B04-9B88-403335A5F3F6}
	EndGlobalSection
EndGlobal
