
Microsoft Visual Studio Solution File, Format Version 12.00
# Visual Studio Version 16
VisualStudioVersion = 16.0.34902.97
MinimumVisualStudioVersion = 10.0.40219.1
Project("{8BC9CEB8-8B4A-11D0-8D11-00A0C91BC942}") = "TestListPorts", "TestListPorts\TestListPorts.vcxproj", "{2E7D57DA-63D1-497B-B6C0-4177DEC8DEC2}"
EndProject
Project("{8BC9CEB8-8B4A-11D0-8D11-00A0C91BC942}") = "TestPepCtrl", "TestPepCtrl\TestPepCtrl.vcxproj", "{66FD4864-94C1-4F4C-80FA-82CB01D3A724}"
EndProject
Project("{8BC9CEB8-8B4A-11D0-8D11-00A0C91BC942}") = "TestListDevices", "TestListDevices\TestListDevices.vcxproj", "{F62AD56E-1305-48BB-BCA7-3FD773B473E5}"
EndProject
Project("{8BC9CEB8-8B4A-11D0-8D11-00A0C91BC942}") = "AppsBuilder", "AppsBuilder\AppsBuilder.vcxproj", "{953486BE-EA1E-489B-A5F7-C885EE8CD0AE}"
	ProjectSection(ProjectDependencies) = postProject
		{22BB1D27-DC8F-45EF-9ECA-F71D0370FC7E} = {22BB1D27-DC8F-45EF-9ECA-F71D0370FC7E}
		{28EAD231-5B6C-4D72-AD8B-FC7EB484BD5D} = {28EAD231-5B6C-4D72-AD8B-FC7EB484BD5D}
		{6B7D9D54-4A05-4410-83A2-05F5FE195C6D} = {6B7D9D54-4A05-4410-83A2-05F5FE195C6D}
		{D1EE435F-C114-49F5-B6F7-42E88EE76D05} = {D1EE435F-C114-49F5-B6F7-42E88EE76D05}
		{66FD4864-94C1-4F4C-80FA-82CB01D3A724} = {66FD4864-94C1-4F4C-80FA-82CB01D3A724}
		{F62AD56E-1305-48BB-BCA7-3FD773B473E5} = {F62AD56E-1305-48BB-BCA7-3FD773B473E5}
		{2A6F1BA6-9F04-4491-B54C-76745CBE59DE} = {2A6F1BA6-9F04-4491-B54C-76745CBE59DE}
		{A6F318B4-86C9-44A3-BE27-CA0F42BE1A43} = {A6F318B4-86C9-44A3-BE27-CA0F42BE1A43}
		{64DB1AC0-84CE-49B4-80DD-66476349E39D} = {64DB1AC0-84CE-49B4-80DD-66476349E39D}
		{2E7D57DA-63D1-497B-B6C0-4177DEC8DEC2} = {2E7D57DA-63D1-497B-B6C0-4177DEC8DEC2}
		{71E30BDB-DD3D-4ECD-88E7-C8B92AC33B3D} = {71E30BDB-DD3D-4ECD-88E7-C8B92AC33B3D}
		{4430A4E1-42F7-4D44-8E1C-0139CCD31BD3} = {4430A4E1-42F7-4D44-8E1C-0139CCD31BD3}
		{1A7208FB-A460-4C6E-A605-4CA5A34C9953} = {1A7208FB-A460-4C6E-A605-4CA5A34C9953}
	EndProjectSection
EndProject
Project("{8BC9CEB8-8B4A-11D0-8D11-00A0C91BC942}") = "CfgPepCtrl", "CfgPepCtrl\CfgPepCtrl.vcxproj", "{1A7208FB-A460-4C6E-A605-4CA5A34C9953}"
EndProject
Project("{8BC9CEB8-8B4A-11D0-8D11-00A0C91BC942}") = "TestMinimizers", "TestMinimizers\TestMinimizers.vcxproj", "{A6F318B4-86C9-44A3-BE27-CA0F42BE1A43}"
EndProject
Project("{8BC9CEB8-8B4A-11D0-8D11-00A0C91BC942}") = "TestPALDevice", "TestPALDevice\TestPALDevice.vcxproj", "{D1EE435F-C114-49F5-B6F7-42E88EE76D05}"
EndProject
Project("{8BC9CEB8-8B4A-11D0-8D11-00A0C91BC942}") = "TestRAMDevice", "TestRAMDevice\TestRAMDevice.vcxproj", "{2A6F1BA6-9F04-4491-B54C-76745CBE59DE}"
EndProject
Project("{8BC9CEB8-8B4A-11D0-8D11-00A0C91BC942}") = "TestROMDevice", "TestROMDevice\TestROMDevice.vcxproj", "{64DB1AC0-84CE-49B4-80DD-66476349E39D}"
EndProject
Project("{8BC9CEB8-8B4A-11D0-8D11-00A0C91BC942}") = "CfgPepCtrlSettings", "CfgPepCtrlSettings\CfgPepCtrlSettings.vcxproj", "{71E30BDB-DD3D-4ECD-88E7-C8B92AC33B3D}"
EndProject
Project("{8BC9CEB8-8B4A-11D0-8D11-00A0C91BC942}") = "PepApp", "PepApp\PepApp.vcxproj", "{28EAD231-5B6C-4D72-AD8B-FC7EB484BD5D}"
EndProject
Project("{8BC9CEB8-8B4A-11D0-8D11-00A0C91BC942}") = "TestAnalyze", "TestAnalyze\TestAnalyze.vcxproj", "{6B7D9D54-4A05-4410-83A2-05F5FE195C6D}"
EndProject
Project("{8BC9CEB8-8B4A-11D0-8D11-00A0C91BC942}") = "TestIntelHex", "TestIntelHex\TestIntelHex.vcxproj", "{4430A4E1-42F7-4D44-8E1C-0139CCD31BD3}"
EndProject
Project("{8BC9CEB8-8B4A-11D0-8D11-00A0C91BC942}") = "TestPepLogic", "TestPepLogic\TestPepLogic.vcxproj", "{22BB1D27-DC8F-45EF-9ECA-F71D0370FC7E}"
EndProject
Global
	GlobalSection(SolutionConfigurationPlatforms) = preSolution
		Debug|x64 = Debug|x64
		Debug|x86 = Debug|x86
		Release|x64 = Release|x64
		Release|x86 = Release|x86
	EndGlobalSection
	GlobalSection(ProjectConfigurationPlatforms) = postSolution
		{2E7D57DA-63D1-497B-B6C0-4177DEC8DEC2}.Debug|x64.ActiveCfg = Debug|x64
		{2E7D57DA-63D1-497B-B6C0-4177DEC8DEC2}.Debug|x64.Build.0 = Debug|x64
		{2E7D57DA-63D1-497B-B6C0-4177DEC8DEC2}.Debug|x86.ActiveCfg = Debug|Win32
		{2E7D57DA-63D1-497B-B6C0-4177DEC8DEC2}.Debug|x86.Build.0 = Debug|Win32
		{2E7D57DA-63D1-497B-B6C0-4177DEC8DEC2}.Release|x64.ActiveCfg = Release|x64
		{2E7D57DA-63D1-497B-B6C0-4177DEC8DEC2}.Release|x64.Build.0 = Release|x64
		{2E7D57DA-63D1-497B-B6C0-4177DEC8DEC2}.Release|x86.ActiveCfg = Release|Win32
		{2E7D57DA-63D1-497B-B6C0-4177DEC8DEC2}.Release|x86.Build.0 = Release|Win32
		{66FD4864-94C1-4F4C-80FA-82CB01D3A724}.Debug|x64.ActiveCfg = Debug|x64
		{66FD4864-94C1-4F4C-80FA-82CB01D3A724}.Debug|x64.Build.0 = Debug|x64
		{66FD4864-94C1-4F4C-80FA-82CB01D3A724}.Debug|x86.ActiveCfg = Debug|Win32
		{66FD4864-94C1-4F4C-80FA-82CB01D3A724}.Debug|x86.Build.0 = Debug|Win32
		{66FD4864-94C1-4F4C-80FA-82CB01D3A724}.Release|x64.ActiveCfg = Release|x64
		{66FD4864-94C1-4F4C-80FA-82CB01D3A724}.Release|x64.Build.0 = Release|x64
		{66FD4864-94C1-4F4C-80FA-82CB01D3A724}.Release|x86.ActiveCfg = Release|Win32
		{66FD4864-94C1-4F4C-80FA-82CB01D3A724}.Release|x86.Build.0 = Release|Win32
		{F62AD56E-1305-48BB-BCA7-3FD773B473E5}.Debug|x64.ActiveCfg = Debug|x64
		{F62AD56E-1305-48BB-BCA7-3FD773B473E5}.Debug|x64.Build.0 = Debug|x64
		{F62AD56E-1305-48BB-BCA7-3FD773B473E5}.Debug|x86.ActiveCfg = Debug|Win32
		{F62AD56E-1305-48BB-BCA7-3FD773B473E5}.Debug|x86.Build.0 = Debug|Win32
		{F62AD56E-1305-48BB-BCA7-3FD773B473E5}.Release|x64.ActiveCfg = Release|x64
		{F62AD56E-1305-48BB-BCA7-3FD773B473E5}.Release|x64.Build.0 = Release|x64
		{F62AD56E-1305-48BB-BCA7-3FD773B473E5}.Release|x86.ActiveCfg = Release|Win32
		{F62AD56E-1305-48BB-BCA7-3FD773B473E5}.Release|x86.Build.0 = Release|Win32
		{953486BE-EA1E-489B-A5F7-C885EE8CD0AE}.Debug|x64.ActiveCfg = Debug|x64
		{953486BE-EA1E-489B-A5F7-C885EE8CD0AE}.Debug|x64.Build.0 = Debug|x64
		{953486BE-EA1E-489B-A5F7-C885EE8CD0AE}.Debug|x86.ActiveCfg = Debug|Win32
		{953486BE-EA1E-489B-A5F7-C885EE8CD0AE}.Debug|x86.Build.0 = Debug|Win32
		{953486BE-EA1E-489B-A5F7-C885EE8CD0AE}.Release|x64.ActiveCfg = Release|x64
		{953486BE-EA1E-489B-A5F7-C885EE8CD0AE}.Release|x64.Build.0 = Release|x64
		{953486BE-EA1E-489B-A5F7-C885EE8CD0AE}.Release|x86.ActiveCfg = Release|Win32
		{953486BE-EA1E-489B-A5F7-C885EE8CD0AE}.Release|x86.Build.0 = Release|Win32
		{1A7208FB-A460-4C6E-A605-4CA5A34C9953}.Debug|x64.ActiveCfg = Debug|x64
		{1A7208FB-A460-4C6E-A605-4CA5A34C9953}.Debug|x64.Build.0 = Debug|x64
		{1A7208FB-A460-4C6E-A605-4CA5A34C9953}.Debug|x86.ActiveCfg = Debug|Win32
		{1A7208FB-A460-4C6E-A605-4CA5A34C9953}.Debug|x86.Build.0 = Debug|Win32
		{1A7208FB-A460-4C6E-A605-4CA5A34C9953}.Release|x64.ActiveCfg = Release|x64
		{1A7208FB-A460-4C6E-A605-4CA5A34C9953}.Release|x64.Build.0 = Release|x64
		{1A7208FB-A460-4C6E-A605-4CA5A34C9953}.Release|x86.ActiveCfg = Release|Win32
		{1A7208FB-A460-4C6E-A605-4CA5A34C9953}.Release|x86.Build.0 = Release|Win32
		{A6F318B4-86C9-44A3-BE27-CA0F42BE1A43}.Debug|x64.ActiveCfg = Debug|x64
		{A6F318B4-86C9-44A3-BE27-CA0F42BE1A43}.Debug|x64.Build.0 = Debug|x64
		{A6F318B4-86C9-44A3-BE27-CA0F42BE1A43}.Debug|x86.ActiveCfg = Debug|Win32
		{A6F318B4-86C9-44A3-BE27-CA0F42BE1A43}.Debug|x86.Build.0 = Debug|Win32
		{A6F318B4-86C9-44A3-BE27-CA0F42BE1A43}.Release|x64.ActiveCfg = Release|x64
		{A6F318B4-86C9-44A3-BE27-CA0F42BE1A43}.Release|x64.Build.0 = Release|x64
		{A6F318B4-86C9-44A3-BE27-CA0F42BE1A43}.Release|x86.ActiveCfg = Release|Win32
		{A6F318B4-86C9-44A3-BE27-CA0F42BE1A43}.Release|x86.Build.0 = Release|Win32
		{D1EE435F-C114-49F5-B6F7-42E88EE76D05}.Debug|x64.ActiveCfg = Debug|x64
		{D1EE435F-C114-49F5-B6F7-42E88EE76D05}.Debug|x64.Build.0 = Debug|x64
		{D1EE435F-C114-49F5-B6F7-42E88EE76D05}.Debug|x86.ActiveCfg = Debug|Win32
		{D1EE435F-C114-49F5-B6F7-42E88EE76D05}.Debug|x86.Build.0 = Debug|Win32
		{D1EE435F-C114-49F5-B6F7-42E88EE76D05}.Release|x64.ActiveCfg = Release|x64
		{D1EE435F-C114-49F5-B6F7-42E88EE76D05}.Release|x64.Build.0 = Release|x64
		{D1EE435F-C114-49F5-B6F7-42E88EE76D05}.Release|x86.ActiveCfg = Release|Win32
		{D1EE435F-C114-49F5-B6F7-42E88EE76D05}.Release|x86.Build.0 = Release|Win32
		{2A6F1BA6-9F04-4491-B54C-76745CBE59DE}.Debug|x64.ActiveCfg = Debug|x64
		{2A6F1BA6-9F04-4491-B54C-76745CBE59DE}.Debug|x64.Build.0 = Debug|x64
		{2A6F1BA6-9F04-4491-B54C-76745CBE59DE}.Debug|x86.ActiveCfg = Debug|Win32
		{2A6F1BA6-9F04-4491-B54C-76745CBE59DE}.Debug|x86.Build.0 = Debug|Win32
		{2A6F1BA6-9F04-4491-B54C-76745CBE59DE}.Release|x64.ActiveCfg = Release|x64
		{2A6F1BA6-9F04-4491-B54C-76745CBE59DE}.Release|x64.Build.0 = Release|x64
		{2A6F1BA6-9F04-4491-B54C-76745CBE59DE}.Release|x86.ActiveCfg = Release|Win32
		{2A6F1BA6-9F04-4491-B54C-76745CBE59DE}.Release|x86.Build.0 = Release|Win32
		{64DB1AC0-84CE-49B4-80DD-66476349E39D}.Debug|x64.ActiveCfg = Debug|x64
		{64DB1AC0-84CE-49B4-80DD-66476349E39D}.Debug|x64.Build.0 = Debug|x64
		{64DB1AC0-84CE-49B4-80DD-66476349E39D}.Debug|x86.ActiveCfg = Debug|Win32
		{64DB1AC0-84CE-49B4-80DD-66476349E39D}.Debug|x86.Build.0 = Debug|Win32
		{64DB1AC0-84CE-49B4-80DD-66476349E39D}.Release|x64.ActiveCfg = Release|x64
		{64DB1AC0-84CE-49B4-80DD-66476349E39D}.Release|x64.Build.0 = Release|x64
		{64DB1AC0-84CE-49B4-80DD-66476349E39D}.Release|x86.ActiveCfg = Release|Win32
		{64DB1AC0-84CE-49B4-80DD-66476349E39D}.Release|x86.Build.0 = Release|Win32
		{71E30BDB-DD3D-4ECD-88E7-C8B92AC33B3D}.Debug|x64.ActiveCfg = Debug|x64
		{71E30BDB-DD3D-4ECD-88E7-C8B92AC33B3D}.Debug|x64.Build.0 = Debug|x64
		{71E30BDB-DD3D-4ECD-88E7-C8B92AC33B3D}.Debug|x86.ActiveCfg = Debug|Win32
		{71E30BDB-DD3D-4ECD-88E7-C8B92AC33B3D}.Debug|x86.Build.0 = Debug|Win32
		{71E30BDB-DD3D-4ECD-88E7-C8B92AC33B3D}.Release|x64.ActiveCfg = Release|x64
		{71E30BDB-DD3D-4ECD-88E7-C8B92AC33B3D}.Release|x64.Build.0 = Release|x64
		{71E30BDB-DD3D-4ECD-88E7-C8B92AC33B3D}.Release|x86.ActiveCfg = Release|Win32
		{71E30BDB-DD3D-4ECD-88E7-C8B92AC33B3D}.Release|x86.Build.0 = Release|Win32
		{28EAD231-5B6C-4D72-AD8B-FC7EB484BD5D}.Debug|x64.ActiveCfg = Debug|x64
		{28EAD231-5B6C-4D72-AD8B-FC7EB484BD5D}.Debug|x64.Build.0 = Debug|x64
		{28EAD231-5B6C-4D72-AD8B-FC7EB484BD5D}.Debug|x86.ActiveCfg = Debug|Win32
		{28EAD231-5B6C-4D72-AD8B-FC7EB484BD5D}.Debug|x86.Build.0 = Debug|Win32
		{28EAD231-5B6C-4D72-AD8B-FC7EB484BD5D}.Release|x64.ActiveCfg = Release|x64
		{28EAD231-5B6C-4D72-AD8B-FC7EB484BD5D}.Release|x64.Build.0 = Release|x64
		{28EAD231-5B6C-4D72-AD8B-FC7EB484BD5D}.Release|x86.ActiveCfg = Release|Win32
		{28EAD231-5B6C-4D72-AD8B-FC7EB484BD5D}.Release|x86.Build.0 = Release|Win32
		{6B7D9D54-4A05-4410-83A2-05F5FE195C6D}.Debug|x64.ActiveCfg = Debug|x64
		{6B7D9D54-4A05-4410-83A2-05F5FE195C6D}.Debug|x64.Build.0 = Debug|x64
		{6B7D9D54-4A05-4410-83A2-05F5FE195C6D}.Debug|x86.ActiveCfg = Debug|Win32
		{6B7D9D54-4A05-4410-83A2-05F5FE195C6D}.Debug|x86.Build.0 = Debug|Win32
		{6B7D9D54-4A05-4410-83A2-05F5FE195C6D}.Release|x64.ActiveCfg = Release|x64
		{6B7D9D54-4A05-4410-83A2-05F5FE195C6D}.Release|x64.Build.0 = Release|x64
		{6B7D9D54-4A05-4410-83A2-05F5FE195C6D}.Release|x86.ActiveCfg = Release|Win32
		{6B7D9D54-4A05-4410-83A2-05F5FE195C6D}.Release|x86.Build.0 = Release|Win32
		{4430A4E1-42F7-4D44-8E1C-0139CCD31BD3}.Debug|x64.ActiveCfg = Debug|x64
		{4430A4E1-42F7-4D44-8E1C-0139CCD31BD3}.Debug|x64.Build.0 = Debug|x64
		{4430A4E1-42F7-4D44-8E1C-0139CCD31BD3}.Debug|x86.ActiveCfg = Debug|Win32
		{4430A4E1-42F7-4D44-8E1C-0139CCD31BD3}.Debug|x86.Build.0 = Debug|Win32
		{4430A4E1-42F7-4D44-8E1C-0139CCD31BD3}.Release|x64.ActiveCfg = Release|x64
		{4430A4E1-42F7-4D44-8E1C-0139CCD31BD3}.Release|x64.Build.0 = Release|x64
		{4430A4E1-42F7-4D44-8E1C-0139CCD31BD3}.Release|x86.ActiveCfg = Release|Win32
		{4430A4E1-42F7-4D44-8E1C-0139CCD31BD3}.Release|x86.Build.0 = Release|Win32
		{22BB1D27-DC8F-45EF-9ECA-F71D0370FC7E}.Debug|x64.ActiveCfg = Debug|x64
		{22BB1D27-DC8F-45EF-9ECA-F71D0370FC7E}.Debug|x64.Build.0 = Debug|x64
		{22BB1D27-DC8F-45EF-9ECA-F71D0370FC7E}.Debug|x86.ActiveCfg = Debug|Win32
		{22BB1D27-DC8F-45EF-9ECA-F71D0370FC7E}.Debug|x86.Build.0 = Debug|Win32
		{22BB1D27-DC8F-45EF-9ECA-F71D0370FC7E}.Release|x64.ActiveCfg = Release|x64
		{22BB1D27-DC8F-45EF-9ECA-F71D0370FC7E}.Release|x64.Build.0 = Release|x64
		{22BB1D27-DC8F-45EF-9ECA-F71D0370FC7E}.Release|x86.ActiveCfg = Release|Win32
		{22BB1D27-DC8F-45EF-9ECA-F71D0370FC7E}.Release|x86.Build.0 = Release|Win32
	EndGlobalSection
	GlobalSection(SolutionProperties) = preSolution
		HideSolutionNode = FALSE
	EndGlobalSection
	GlobalSection(ExtensibilityGlobals) = postSolution
		SolutionGuid = {AF68B45B-0321-488D-AE84-761F78A01D6F}
	EndGlobalSection
EndGlobal
